# This file is automatically @generated by Poetry 1.8.5 and should not be changed by hand.

[[package]]
name = "colorzero"
version = "2.0"
description = "Yet another Python color library"
optional = false
python-versions = "*"
files = [
    {file = "colorzero-2.0-py2.py3-none-any.whl", hash = "sha256:0e60d743a6b8071498a56465f7719c96a5e92928f858bab1be2a0d606c9aa0f8"},
    {file = "colorzero-2.0.tar.gz", hash = "sha256:e7d5a5c26cd0dc37b164ebefc609f388de24f8593b659191e12d85f8f9d5eb58"},
]

[package.dependencies]
setuptools = "*"

[package.extras]
doc = ["pkginfo", "sphinx", "sphinx-rtd-theme"]
test = ["pytest", "pytest-cov"]

[[package]]
name = "font-roboto"
version = "0.0.1"
description = "Roboto sans-serif font"
optional = false
python-versions = "*"
files = [
    {file = "font-roboto-0.0.1.tar.gz", hash = "sha256:8bc9136bf46609fbb13af4783016799b14e23dda294a61791171de7ea2ec457f"},
]

[[package]]
name = "fonts"
version = "0.0.3"
description = "Python Fonts"
optional = false
python-versions = "*"
files = [
    {file = "fonts-0.0.3-py2-none-any.whl", hash = "sha256:bc4e3d7923bb09013606fcd7bf5c66d95af5ddd094a14a09195ebdab9808c40d"},
    {file = "fonts-0.0.3-py3-none-any.whl", hash = "sha256:e5f551379088ab260c2537980c3ccdff8af93408d9d4fa3319388d2ee25b7b6d"},
    {file = "fonts-0.0.3.tar.gz", hash = "sha256:c626655b75a60715e118e44e270656fd22fd8f54252901ff6ebf1308ad01c405"},
]

[[package]]
name = "gpiod"
version = "2.2.3"
description = "Python bindings for libgpiod"
optional = false
python-versions = ">=3.9.0"
files = [
    {file = "gpiod-2.2.3-cp310-cp310-manylinux_2_17_aarch64.manylinux2014_aarch64.whl", hash = "sha256:bb380ae38d90417c919ee5680445fa741ea52fc0c70c9b1ee86d7e97b7aba759"},
    {file = "gpiod-2.2.3-cp310-cp310-manylinux_2_17_x86_64.manylinux2014_x86_64.whl", hash = "sha256:d9701258bee39246444d32fa5ac53eb9bd65e81fe8b1f880c6a0f31078a7ac47"},
    {file = "gpiod-2.2.3-cp310-cp310-musllinux_1_2_aarch64.whl", hash = "sha256:da10cca5811ed5938f96bcc5b71841f6bc415c5ebe793541d80dffe4d5326620"},
    {file = "gpiod-2.2.3-cp310-cp310-musllinux_1_2_x86_64.whl", hash = "sha256:1ddd5f8e3a3085929ca35d839185066142f4219b282f242ff6dd07bb337ed7c7"},
    {file = "gpiod-2.2.3-cp311-cp311-manylinux_2_17_aarch64.manylinux2014_aarch64.whl", hash = "sha256:8033e7d52c4f48b554948966676cc4f724a1d9ef3fec02ea4ed1750dd1e3cc8d"},
    {file = "gpiod-2.2.3-cp311-cp311-manylinux_2_17_x86_64.manylinux2014_x86_64.whl", hash = "sha256:089811d242431ab19e821215e15c46043e9760aef06dafebdb207c4ea782e55c"},
    {file = "gpiod-2.2.3-cp311-cp311-musllinux_1_2_aarch64.whl", hash = "sha256:a783545b8945900c924a946b31a9853180d04483f93f1653dd260719b1778e18"},
    {file = "gpiod-2.2.3-cp311-cp311-musllinux_1_2_x86_64.whl", hash = "sha256:5160a9983e72285585dff04c1f1a58c89e2f234a70eaaab6a01409751318e36a"},
    {file = "gpiod-2.2.3-cp312-cp312-manylinux_2_17_aarch64.manylinux2014_aarch64.whl", hash = "sha256:c1bdabffb96d1036c2b4aed59f626a5e84d7ac521d5ccd4f11f4eb6f711170d5"},
    {file = "gpiod-2.2.3-cp312-cp312-manylinux_2_17_x86_64.manylinux2014_x86_64.whl", hash = "sha256:fd9335ecd0d7582e8817dda831e2cb9c2498517c3a48e63fd2c9c9f10864b421"},
    {file = "gpiod-2.2.3-cp312-cp312-musllinux_1_2_aarch64.whl", hash = "sha256:806e0a7256db6d96219cd06c0af95c5ef6a17f2a22f184d31a8f10cfcbd7724a"},
    {file = "gpiod-2.2.3-cp312-cp312-musllinux_1_2_x86_64.whl", hash = "sha256:d1a04b08a0c6a3b16634ef6708adf87927b34f39924acc1e515d8353c222121a"},
    {file = "gpiod-2.2.3-cp39-cp39-manylinux_2_17_aarch64.manylinux2014_aarch64.whl", hash = "sha256:b7599018ae999eef995a0a072bd0294062fde41c8b97f39265fc16540728fbc0"},
    {file = "gpiod-2.2.3-cp39-cp39-manylinux_2_17_x86_64.manylinux2014_x86_64.whl", hash = "sha256:420f45cec6b8e6861bf8e9e3d284da50e34e709c16bd436ba564b1877f44942a"},
    {file = "gpiod-2.2.3-cp39-cp39-musllinux_1_2_aarch64.whl", hash = "sha256:320f2f69e0ae88a45c6f8e3a6e6f1bdfdb67545287d84d6ece7476861fd8a90b"},
    {file = "gpiod-2.2.3-cp39-cp39-musllinux_1_2_x86_64.whl", hash = "sha256:c8caa1ef53939a1e6438c79f4a6f7c8229abdd687cd7d3f85a683b72ef1c6fc5"},
    {file = "gpiod-2.2.3.tar.gz", hash = "sha256:b916c3741dfc4dbcf6224b39e50765f672b137896287715709d49e9f063304c5"},
]

[[package]]
name = "gpiodevice"
version = "0.0.5"
description = "Helper library for working with Linux gpiochip devices."
optional = false
python-versions = ">=3.7"
files = [
    {file = "gpiodevice-0.0.5-py3-none-any.whl", hash = "sha256:b808250cd1d89379b69f98cc6442b6b098aa32604c3ed7fb194a39607ee35253"},
    {file = "gpiodevice-0.0.5.tar.gz", hash = "sha256:cca01ff4319e0ba906ff46dcb8113d8d532b3f5ee03d683d8a11037c8e89140c"},
]

[package.dependencies]
gpiod = "*"

[[package]]
name = "gpiozero"
version = "2.0.1"
description = "A simple interface to GPIO devices with Raspberry Pi"
optional = false
python-versions = ">=3.9"
files = [
    {file = "gpiozero-2.0.1-py3-none-any.whl", hash = "sha256:8f621de357171d574c0b7ea0e358cb66e560818a47b0eeedf41ce1cdbd20c70b"},
    {file = "gpiozero-2.0.1.tar.gz", hash = "sha256:d4ea1952689ec7e331f9d4ebc9adb15f1d01c2c9dcfabb72e752c9869ab7e97e"},
]

[package.dependencies]
colorzero = "*"

[package.extras]
doc = ["sphinx (>=4.0)", "sphinx-rtd-theme (>=1.0)"]
test = ["pytest", "pytest-cov"]

[[package]]
name = "grpcio"
version = "1.69.0"
description = "HTTP/2-based RPC framework"
optional = false
python-versions = ">=3.8"
files = [
    {file = "grpcio-1.69.0-cp310-cp310-linux_armv7l.whl", hash = "sha256:2060ca95a8db295ae828d0fc1c7f38fb26ccd5edf9aa51a0f44251f5da332e97"},
    {file = "grpcio-1.69.0-cp310-cp310-macosx_12_0_universal2.whl", hash = "sha256:2e52e107261fd8fa8fa457fe44bfadb904ae869d87c1280bf60f93ecd3e79278"},
    {file = "grpcio-1.69.0-cp310-cp310-manylinux_2_17_aarch64.whl", hash = "sha256:316463c0832d5fcdb5e35ff2826d9aa3f26758d29cdfb59a368c1d6c39615a11"},
    {file = "grpcio-1.69.0-cp310-cp310-manylinux_2_17_i686.manylinux2014_i686.whl", hash = "sha256:26c9a9c4ac917efab4704b18eed9082ed3b6ad19595f047e8173b5182fec0d5e"},
    {file = "grpcio-1.69.0-cp310-cp310-manylinux_2_17_x86_64.manylinux2014_x86_64.whl", hash = "sha256:90b3646ced2eae3a0599658eeccc5ba7f303bf51b82514c50715bdd2b109e5ec"},
    {file = "grpcio-1.69.0-cp310-cp310-musllinux_1_1_i686.whl", hash = "sha256:3b75aea7c6cb91b341c85e7c1d9db1e09e1dd630b0717f836be94971e015031e"},
    {file = "grpcio-1.69.0-cp310-cp310-musllinux_1_1_x86_64.whl", hash = "sha256:5cfd14175f9db33d4b74d63de87c64bb0ee29ce475ce3c00c01ad2a3dc2a9e51"},
    {file = "grpcio-1.69.0-cp310-cp310-win32.whl", hash = "sha256:9031069d36cb949205293cf0e243abd5e64d6c93e01b078c37921493a41b72dc"},
    {file = "grpcio-1.69.0-cp310-cp310-win_amd64.whl", hash = "sha256:cc89b6c29f3dccbe12d7a3b3f1b3999db4882ae076c1c1f6df231d55dbd767a5"},
    {file = "grpcio-1.69.0-cp311-cp311-linux_armv7l.whl", hash = "sha256:8de1b192c29b8ce45ee26a700044717bcbbd21c697fa1124d440548964328561"},
    {file = "grpcio-1.69.0-cp311-cp311-macosx_10_14_universal2.whl", hash = "sha256:7e76accf38808f5c5c752b0ab3fd919eb14ff8fafb8db520ad1cc12afff74de6"},
    {file = "grpcio-1.69.0-cp311-cp311-manylinux_2_17_aarch64.whl", hash = "sha256:d5658c3c2660417d82db51e168b277e0ff036d0b0f859fa7576c0ffd2aec1442"},
    {file = "grpcio-1.69.0-cp311-cp311-manylinux_2_17_i686.manylinux2014_i686.whl", hash = "sha256:5494d0e52bf77a2f7eb17c6da662886ca0a731e56c1c85b93505bece8dc6cf4c"},
    {file = "grpcio-1.69.0-cp311-cp311-manylinux_2_17_x86_64.manylinux2014_x86_64.whl", hash = "sha256:4ed866f9edb574fd9be71bf64c954ce1b88fc93b2a4cbf94af221e9426eb14d6"},
    {file = "grpcio-1.69.0-cp311-cp311-musllinux_1_1_i686.whl", hash = "sha256:c5ba38aeac7a2fe353615c6b4213d1fbb3a3c34f86b4aaa8be08baaaee8cc56d"},
    {file = "grpcio-1.69.0-cp311-cp311-musllinux_1_1_x86_64.whl", hash = "sha256:f79e05f5bbf551c4057c227d1b041ace0e78462ac8128e2ad39ec58a382536d2"},
    {file = "grpcio-1.69.0-cp311-cp311-win32.whl", hash = "sha256:bf1f8be0da3fcdb2c1e9f374f3c2d043d606d69f425cd685110dd6d0d2d61258"},
    {file = "grpcio-1.69.0-cp311-cp311-win_amd64.whl", hash = "sha256:fb9302afc3a0e4ba0b225cd651ef8e478bf0070cf11a529175caecd5ea2474e7"},
    {file = "grpcio-1.69.0-cp312-cp312-linux_armv7l.whl", hash = "sha256:fc18a4de8c33491ad6f70022af5c460b39611e39578a4d84de0fe92f12d5d47b"},
    {file = "grpcio-1.69.0-cp312-cp312-macosx_10_14_universal2.whl", hash = "sha256:0f0270bd9ffbff6961fe1da487bdcd594407ad390cc7960e738725d4807b18c4"},
    {file = "grpcio-1.69.0-cp312-cp312-manylinux_2_17_aarch64.whl", hash = "sha256:dc48f99cc05e0698e689b51a05933253c69a8c8559a47f605cff83801b03af0e"},
    {file = "grpcio-1.69.0-cp312-cp312-manylinux_2_17_i686.manylinux2014_i686.whl", hash = "sha256:1e925954b18d41aeb5ae250262116d0970893b38232689c4240024e4333ac084"},
    {file = "grpcio-1.69.0-cp312-cp312-manylinux_2_17_x86_64.manylinux2014_x86_64.whl", hash = "sha256:87d222569273720366f68a99cb62e6194681eb763ee1d3b1005840678d4884f9"},
    {file = "grpcio-1.69.0-cp312-cp312-musllinux_1_1_i686.whl", hash = "sha256:b62b0f41e6e01a3e5082000b612064c87c93a49b05f7602fe1b7aa9fd5171a1d"},
    {file = "grpcio-1.69.0-cp312-cp312-musllinux_1_1_x86_64.whl", hash = "sha256:db6f9fd2578dbe37db4b2994c94a1d9c93552ed77dca80e1657bb8a05b898b55"},
    {file = "grpcio-1.69.0-cp312-cp312-win32.whl", hash = "sha256:b192b81076073ed46f4b4dd612b8897d9a1e39d4eabd822e5da7b38497ed77e1"},
    {file = "grpcio-1.69.0-cp312-cp312-win_amd64.whl", hash = "sha256:1227ff7836f7b3a4ab04e5754f1d001fa52a730685d3dc894ed8bc262cc96c01"},
    {file = "grpcio-1.69.0-cp313-cp313-linux_armv7l.whl", hash = "sha256:a78a06911d4081a24a1761d16215a08e9b6d4d29cdbb7e427e6c7e17b06bcc5d"},
    {file = "grpcio-1.69.0-cp313-cp313-macosx_10_14_universal2.whl", hash = "sha256:dc5a351927d605b2721cbb46158e431dd49ce66ffbacb03e709dc07a491dde35"},
    {file = "grpcio-1.69.0-cp313-cp313-manylinux_2_17_aarch64.whl", hash = "sha256:3629d8a8185f5139869a6a17865d03113a260e311e78fbe313f1a71603617589"},
    {file = "grpcio-1.69.0-cp313-cp313-manylinux_2_17_i686.manylinux2014_i686.whl", hash = "sha256:c9a281878feeb9ae26db0622a19add03922a028d4db684658f16d546601a4870"},
    {file = "grpcio-1.69.0-cp313-cp313-manylinux_2_17_x86_64.manylinux2014_x86_64.whl", hash = "sha256:8cc614e895177ab7e4b70f154d1a7c97e152577ea101d76026d132b7aaba003b"},
    {file = "grpcio-1.69.0-cp313-cp313-musllinux_1_1_i686.whl", hash = "sha256:1ee76cd7e2e49cf9264f6812d8c9ac1b85dda0eaea063af07292400f9191750e"},
    {file = "grpcio-1.69.0-cp313-cp313-musllinux_1_1_x86_64.whl", hash = "sha256:0470fa911c503af59ec8bc4c82b371ee4303ececbbdc055f55ce48e38b20fd67"},
    {file = "grpcio-1.69.0-cp313-cp313-win32.whl", hash = "sha256:b650f34aceac8b2d08a4c8d7dc3e8a593f4d9e26d86751ebf74ebf5107d927de"},
    {file = "grpcio-1.69.0-cp313-cp313-win_amd64.whl", hash = "sha256:028337786f11fecb5d7b7fa660475a06aabf7e5e52b5ac2df47414878c0ce7ea"},
    {file = "grpcio-1.69.0-cp38-cp38-linux_armv7l.whl", hash = "sha256:b7f693db593d6bf285e015d5538bf1c86cf9c60ed30b6f7da04a00ed052fe2f3"},
    {file = "grpcio-1.69.0-cp38-cp38-macosx_10_14_universal2.whl", hash = "sha256:8b94e83f66dbf6fd642415faca0608590bc5e8d30e2c012b31d7d1b91b1de2fd"},
    {file = "grpcio-1.69.0-cp38-cp38-manylinux_2_17_aarch64.whl", hash = "sha256:b634851b92c090763dde61df0868c730376cdb73a91bcc821af56ae043b09596"},
    {file = "grpcio-1.69.0-cp38-cp38-manylinux_2_17_i686.manylinux2014_i686.whl", hash = "sha256:bf5f680d3ed08c15330d7830d06bc65f58ca40c9999309517fd62880d70cb06e"},
    {file = "grpcio-1.69.0-cp38-cp38-manylinux_2_17_x86_64.manylinux2014_x86_64.whl", hash = "sha256:200e48a6e7b00f804cf00a1c26292a5baa96507c7749e70a3ec10ca1a288936e"},
    {file = "grpcio-1.69.0-cp38-cp38-musllinux_1_1_i686.whl", hash = "sha256:45a4704339b6e5b24b0e136dea9ad3815a94f30eb4f1e1d44c4ac484ef11d8dd"},
    {file = "grpcio-1.69.0-cp38-cp38-musllinux_1_1_x86_64.whl", hash = "sha256:85d347cb8237751b23539981dbd2d9d8f6e9ff90082b427b13022b948eb6347a"},
    {file = "grpcio-1.69.0-cp38-cp38-win32.whl", hash = "sha256:60e5de105dc02832dc8f120056306d0ef80932bcf1c0e2b4ca3b676de6dc6505"},
    {file = "grpcio-1.69.0-cp38-cp38-win_amd64.whl", hash = "sha256:282f47d0928e40f25d007f24eb8fa051cb22551e3c74b8248bc9f9bea9c35fe0"},
    {file = "grpcio-1.69.0-cp39-cp39-linux_armv7l.whl", hash = "sha256:dd034d68a2905464c49479b0c209c773737a4245d616234c79c975c7c90eca03"},
    {file = "grpcio-1.69.0-cp39-cp39-macosx_10_14_universal2.whl", hash = "sha256:01f834732c22a130bdf3dc154d1053bdbc887eb3ccb7f3e6285cfbfc33d9d5cc"},
    {file = "grpcio-1.69.0-cp39-cp39-manylinux_2_17_aarch64.whl", hash = "sha256:a7f4ed0dcf202a70fe661329f8874bc3775c14bb3911d020d07c82c766ce0eb1"},
    {file = "grpcio-1.69.0-cp39-cp39-manylinux_2_17_i686.manylinux2014_i686.whl", hash = "sha256:cd7ea241b10bc5f0bb0f82c0d7896822b7ed122b3ab35c9851b440c1ccf81588"},
    {file = "grpcio-1.69.0-cp39-cp39-manylinux_2_17_x86_64.manylinux2014_x86_64.whl", hash = "sha256:1f03dc9b4da4c0dc8a1db7a5420f575251d7319b7a839004d8916257ddbe4816"},
    {file = "grpcio-1.69.0-cp39-cp39-musllinux_1_1_i686.whl", hash = "sha256:ca71d73a270dff052fe4edf74fef142d6ddd1f84175d9ac4a14b7280572ac519"},
    {file = "grpcio-1.69.0-cp39-cp39-musllinux_1_1_x86_64.whl", hash = "sha256:5ccbed100dc43704e94ccff9e07680b540d64e4cc89213ab2832b51b4f68a520"},
    {file = "grpcio-1.69.0-cp39-cp39-win32.whl", hash = "sha256:1514341def9c6ec4b7f0b9628be95f620f9d4b99331b7ef0a1845fd33d9b579c"},
    {file = "grpcio-1.69.0-cp39-cp39-win_amd64.whl", hash = "sha256:c1fea55d26d647346acb0069b08dca70984101f2dc95066e003019207212e303"},
    {file = "grpcio-1.69.0.tar.gz", hash = "sha256:936fa44241b5379c5afc344e1260d467bee495747eaf478de825bab2791da6f5"},
]

[package.extras]
protobuf = ["grpcio-tools (>=1.69.0)"]

[[package]]
name = "hyveos-sdk"
version = "0.1.0"
description = ""
optional = false
python-versions = "^3.11"
files = []
develop = false

[package.dependencies]
grpcio = "^1.68.0"
protobuf = "^5.29.0"

[package.source]
type = "directory"
url = "../../../sdks/python"

[[package]]
name = "i2cdevice"
version = "1.0.0"
description = "Python framework for interacting with SMBus-compatible i2c devices"
optional = false
python-versions = ">=3.7"
files = [
    {file = "i2cdevice-1.0.0-py3-none-any.whl", hash = "sha256:595cfa3815aab4d8a4bbe1cbd4a4e1271d56cf7c1de367eab6a94dd80566f0c1"},
    {file = "i2cdevice-1.0.0.tar.gz", hash = "sha256:a9a5d1666a11b6733d16c73f148fc85cba767dd1b976e5bcc56ad970986c96c4"},
]

[package.dependencies]
smbus2 = "*"

[[package]]
name = "lgpio"
version = "0.2.2.0"
description = "Linux SBC GPIO module"
optional = false
python-versions = "*"
files = [
    {file = "lgpio-0.2.2.0-cp310-cp310-linux_armv7l.whl", hash = "sha256:97fe5fb0e888c96031e8899e8c0eca64c63076a6d1f1e774acad8696430b2ff6"},
    {file = "lgpio-0.2.2.0-cp310-cp310-manylinux_2_34_aarch64.whl", hash = "sha256:f8f1a2818ed4293182999679ac8559aea70d45743f5a3ae8025837e529d9e0d4"},
    {file = "lgpio-0.2.2.0-cp310-cp310-manylinux_2_34_x86_64.whl", hash = "sha256:d245f315e4bc5ba1b72df9fd935a16c99e56ccf6b41d9f66a87804c1dfd91c86"},
    {file = "lgpio-0.2.2.0-cp311-cp311-linux_armv7l.whl", hash = "sha256:5b3c403e1fba9c17d178f1bde102726c548fc5c4fc1ccf5ec3e18f3c08e07e04"},
    {file = "lgpio-0.2.2.0-cp311-cp311-manylinux_2_34_aarch64.whl", hash = "sha256:a2f71fb95b149d8ac82c7c6bae70f054f6dc42a006ad35c90c7d8e54921fbcf4"},
    {file = "lgpio-0.2.2.0-cp311-cp311-manylinux_2_34_x86_64.whl", hash = "sha256:e9f4f3915abe5ae0ffdb4b96f485076d80a663876d839e2d3fd9218a71b9873e"},
    {file = "lgpio-0.2.2.0-cp312-cp312-linux_armv7l.whl", hash = "sha256:6c65ac42e878764d04a71ed12fe6d46089b36e9e8127722bf29bb2e4bc91de22"},
    {file = "lgpio-0.2.2.0-cp312-cp312-manylinux_2_34_aarch64.whl", hash = "sha256:d907db79292c721c605af08187385ddb3b7af09907e1ffca56cf0cd6558ace0a"},
    {file = "lgpio-0.2.2.0-cp312-cp312-manylinux_2_34_x86_64.whl", hash = "sha256:2aadff092f642fcdada8457c158f87259dfda3a89ec19bae0b99ff22b34aac4b"},
    {file = "lgpio-0.2.2.0-cp39-cp39-linux_armv7l.whl", hash = "sha256:1594dd4fdf054ff396bf0730802732c26aa2040d6c70250d0d34f703baafd121"},
    {file = "lgpio-0.2.2.0-cp39-cp39-manylinux_2_34_aarch64.whl", hash = "sha256:9ed135824c717901457dcf2462bb1af9f5445aa6e56bb7a9263fc064620ef586"},
    {file = "lgpio-0.2.2.0-cp39-cp39-manylinux_2_34_x86_64.whl", hash = "sha256:f95d6a6db23f99e745e0aee36cd49a515dd6846a5ddb49474c73a390bb2048e2"},
    {file = "lgpio-0.2.2.0.tar.gz", hash = "sha256:11372e653b200f76a0b3ef8a23a0735c85ec678a9f8550b9893151ed0f863fff"},
]

[[package]]
name = "ltr559"
version = "1.0.0"
description = "Python library for the LTR559 light and proximity"
optional = false
python-versions = ">=3.7"
files = [
    {file = "ltr559-1.0.0-py3-none-any.whl", hash = "sha256:0805f2d9ab43b2f622847ec71cb6fbca2b91b396aafb121d911172a366a56c3d"},
    {file = "ltr559-1.0.0.tar.gz", hash = "sha256:5efe5940faeeb42ee3a7b8fca3c0b4c6ceb6005e4dca59e20a086e8fe1bdaf29"},
]

[package.dependencies]
i2cdevice = ">=1.0.0"

[[package]]
name = "numpy"
version = "2.1.3"
description = "Fundamental package for array computing in Python"
optional = false
python-versions = ">=3.10"
files = [
    {file = "numpy-2.1.3-cp310-cp310-macosx_10_9_x86_64.whl", hash = "sha256:c894b4305373b9c5576d7a12b473702afdf48ce5369c074ba304cc5ad8730dff"},
    {file = "numpy-2.1.3-cp310-cp310-macosx_11_0_arm64.whl", hash = "sha256:b47fbb433d3260adcd51eb54f92a2ffbc90a4595f8970ee00e064c644ac788f5"},
    {file = "numpy-2.1.3-cp310-cp310-macosx_14_0_arm64.whl", hash = "sha256:825656d0743699c529c5943554d223c021ff0494ff1442152ce887ef4f7561a1"},
    {file = "numpy-2.1.3-cp310-cp310-macosx_14_0_x86_64.whl", hash = "sha256:6a4825252fcc430a182ac4dee5a505053d262c807f8a924603d411f6718b88fd"},
    {file = "numpy-2.1.3-cp310-cp310-manylinux_2_17_aarch64.manylinux2014_aarch64.whl", hash = "sha256:e711e02f49e176a01d0349d82cb5f05ba4db7d5e7e0defd026328e5cfb3226d3"},
    {file = "numpy-2.1.3-cp310-cp310-manylinux_2_17_x86_64.manylinux2014_x86_64.whl", hash = "sha256:78574ac2d1a4a02421f25da9559850d59457bac82f2b8d7a44fe83a64f770098"},
    {file = "numpy-2.1.3-cp310-cp310-musllinux_1_1_x86_64.whl", hash = "sha256:c7662f0e3673fe4e832fe07b65c50342ea27d989f92c80355658c7f888fcc83c"},
    {file = "numpy-2.1.3-cp310-cp310-musllinux_1_2_aarch64.whl", hash = "sha256:fa2d1337dc61c8dc417fbccf20f6d1e139896a30721b7f1e832b2bb6ef4eb6c4"},
    {file = "numpy-2.1.3-cp310-cp310-win32.whl", hash = "sha256:72dcc4a35a8515d83e76b58fdf8113a5c969ccd505c8a946759b24e3182d1f23"},
    {file = "numpy-2.1.3-cp310-cp310-win_amd64.whl", hash = "sha256:ecc76a9ba2911d8d37ac01de72834d8849e55473457558e12995f4cd53e778e0"},
    {file = "numpy-2.1.3-cp311-cp311-macosx_10_9_x86_64.whl", hash = "sha256:4d1167c53b93f1f5d8a139a742b3c6f4d429b54e74e6b57d0eff40045187b15d"},
    {file = "numpy-2.1.3-cp311-cp311-macosx_11_0_arm64.whl", hash = "sha256:c80e4a09b3d95b4e1cac08643f1152fa71a0a821a2d4277334c88d54b2219a41"},
    {file = "numpy-2.1.3-cp311-cp311-macosx_14_0_arm64.whl", hash = "sha256:576a1c1d25e9e02ed7fa5477f30a127fe56debd53b8d2c89d5578f9857d03ca9"},
    {file = "numpy-2.1.3-cp311-cp311-macosx_14_0_x86_64.whl", hash = "sha256:973faafebaae4c0aaa1a1ca1ce02434554d67e628b8d805e61f874b84e136b09"},
    {file = "numpy-2.1.3-cp311-cp311-manylinux_2_17_aarch64.manylinux2014_aarch64.whl", hash = "sha256:762479be47a4863e261a840e8e01608d124ee1361e48b96916f38b119cfda04a"},
    {file = "numpy-2.1.3-cp311-cp311-manylinux_2_17_x86_64.manylinux2014_x86_64.whl", hash = "sha256:bc6f24b3d1ecc1eebfbf5d6051faa49af40b03be1aaa781ebdadcbc090b4539b"},
    {file = "numpy-2.1.3-cp311-cp311-musllinux_1_1_x86_64.whl", hash = "sha256:17ee83a1f4fef3c94d16dc1802b998668b5419362c8a4f4e8a491de1b41cc3ee"},
    {file = "numpy-2.1.3-cp311-cp311-musllinux_1_2_aarch64.whl", hash = "sha256:15cb89f39fa6d0bdfb600ea24b250e5f1a3df23f901f51c8debaa6a5d122b2f0"},
    {file = "numpy-2.1.3-cp311-cp311-win32.whl", hash = "sha256:d9beb777a78c331580705326d2367488d5bc473b49a9bc3036c154832520aca9"},
    {file = "numpy-2.1.3-cp311-cp311-win_amd64.whl", hash = "sha256:d89dd2b6da69c4fff5e39c28a382199ddedc3a5be5390115608345dec660b9e2"},
    {file = "numpy-2.1.3-cp312-cp312-macosx_10_13_x86_64.whl", hash = "sha256:f55ba01150f52b1027829b50d70ef1dafd9821ea82905b63936668403c3b471e"},
    {file = "numpy-2.1.3-cp312-cp312-macosx_11_0_arm64.whl", hash = "sha256:13138eadd4f4da03074851a698ffa7e405f41a0845a6b1ad135b81596e4e9958"},
    {file = "numpy-2.1.3-cp312-cp312-macosx_14_0_arm64.whl", hash = "sha256:a6b46587b14b888e95e4a24d7b13ae91fa22386c199ee7b418f449032b2fa3b8"},
    {file = "numpy-2.1.3-cp312-cp312-macosx_14_0_x86_64.whl", hash = "sha256:0fa14563cc46422e99daef53d725d0c326e99e468a9320a240affffe87852564"},
    {file = "numpy-2.1.3-cp312-cp312-manylinux_2_17_aarch64.manylinux2014_aarch64.whl", hash = "sha256:8637dcd2caa676e475503d1f8fdb327bc495554e10838019651b76d17b98e512"},
    {file = "numpy-2.1.3-cp312-cp312-manylinux_2_17_x86_64.manylinux2014_x86_64.whl", hash = "sha256:2312b2aa89e1f43ecea6da6ea9a810d06aae08321609d8dc0d0eda6d946a541b"},
    {file = "numpy-2.1.3-cp312-cp312-musllinux_1_1_x86_64.whl", hash = "sha256:a38c19106902bb19351b83802531fea19dee18e5b37b36454f27f11ff956f7fc"},
    {file = "numpy-2.1.3-cp312-cp312-musllinux_1_2_aarch64.whl", hash = "sha256:02135ade8b8a84011cbb67dc44e07c58f28575cf9ecf8ab304e51c05528c19f0"},
    {file = "numpy-2.1.3-cp312-cp312-win32.whl", hash = "sha256:e6988e90fcf617da2b5c78902fe8e668361b43b4fe26dbf2d7b0f8034d4cafb9"},
    {file = "numpy-2.1.3-cp312-cp312-win_amd64.whl", hash = "sha256:0d30c543f02e84e92c4b1f415b7c6b5326cbe45ee7882b6b77db7195fb971e3a"},
    {file = "numpy-2.1.3-cp313-cp313-macosx_10_13_x86_64.whl", hash = "sha256:96fe52fcdb9345b7cd82ecd34547fca4321f7656d500eca497eb7ea5a926692f"},
    {file = "numpy-2.1.3-cp313-cp313-macosx_11_0_arm64.whl", hash = "sha256:f653490b33e9c3a4c1c01d41bc2aef08f9475af51146e4a7710c450cf9761598"},
    {file = "numpy-2.1.3-cp313-cp313-macosx_14_0_arm64.whl", hash = "sha256:dc258a761a16daa791081d026f0ed4399b582712e6fc887a95af09df10c5ca57"},
    {file = "numpy-2.1.3-cp313-cp313-macosx_14_0_x86_64.whl", hash = "sha256:016d0f6f5e77b0f0d45d77387ffa4bb89816b57c835580c3ce8e099ef830befe"},
    {file = "numpy-2.1.3-cp313-cp313-manylinux_2_17_aarch64.manylinux2014_aarch64.whl", hash = "sha256:c181ba05ce8299c7aa3125c27b9c2167bca4a4445b7ce73d5febc411ca692e43"},
    {file = "numpy-2.1.3-cp313-cp313-manylinux_2_17_x86_64.manylinux2014_x86_64.whl", hash = "sha256:5641516794ca9e5f8a4d17bb45446998c6554704d888f86df9b200e66bdcce56"},
    {file = "numpy-2.1.3-cp313-cp313-musllinux_1_1_x86_64.whl", hash = "sha256:ea4dedd6e394a9c180b33c2c872b92f7ce0f8e7ad93e9585312b0c5a04777a4a"},
    {file = "numpy-2.1.3-cp313-cp313-musllinux_1_2_aarch64.whl", hash = "sha256:b0df3635b9c8ef48bd3be5f862cf71b0a4716fa0e702155c45067c6b711ddcef"},
    {file = "numpy-2.1.3-cp313-cp313-win32.whl", hash = "sha256:50ca6aba6e163363f132b5c101ba078b8cbd3fa92c7865fd7d4d62d9779ac29f"},
    {file = "numpy-2.1.3-cp313-cp313-win_amd64.whl", hash = "sha256:747641635d3d44bcb380d950679462fae44f54b131be347d5ec2bce47d3df9ed"},
    {file = "numpy-2.1.3-cp313-cp313t-macosx_10_13_x86_64.whl", hash = "sha256:996bb9399059c5b82f76b53ff8bb686069c05acc94656bb259b1d63d04a9506f"},
    {file = "numpy-2.1.3-cp313-cp313t-macosx_11_0_arm64.whl", hash = "sha256:45966d859916ad02b779706bb43b954281db43e185015df6eb3323120188f9e4"},
    {file = "numpy-2.1.3-cp313-cp313t-macosx_14_0_arm64.whl", hash = "sha256:baed7e8d7481bfe0874b566850cb0b85243e982388b7b23348c6db2ee2b2ae8e"},
    {file = "numpy-2.1.3-cp313-cp313t-macosx_14_0_x86_64.whl", hash = "sha256:a9f7f672a3388133335589cfca93ed468509cb7b93ba3105fce780d04a6576a0"},
    {file = "numpy-2.1.3-cp313-cp313t-manylinux_2_17_aarch64.manylinux2014_aarch64.whl", hash = "sha256:d7aac50327da5d208db2eec22eb11e491e3fe13d22653dce51b0f4109101b408"},
    {file = "numpy-2.1.3-cp313-cp313t-manylinux_2_17_x86_64.manylinux2014_x86_64.whl", hash = "sha256:4394bc0dbd074b7f9b52024832d16e019decebf86caf909d94f6b3f77a8ee3b6"},
    {file = "numpy-2.1.3-cp313-cp313t-musllinux_1_1_x86_64.whl", hash = "sha256:50d18c4358a0a8a53f12a8ba9d772ab2d460321e6a93d6064fc22443d189853f"},
    {file = "numpy-2.1.3-cp313-cp313t-musllinux_1_2_aarch64.whl", hash = "sha256:14e253bd43fc6b37af4921b10f6add6925878a42a0c5fe83daee390bca80bc17"},
    {file = "numpy-2.1.3-cp313-cp313t-win32.whl", hash = "sha256:08788d27a5fd867a663f6fc753fd7c3ad7e92747efc73c53bca2f19f8bc06f48"},
    {file = "numpy-2.1.3-cp313-cp313t-win_amd64.whl", hash = "sha256:2564fbdf2b99b3f815f2107c1bbc93e2de8ee655a69c261363a1172a79a257d4"},
    {file = "numpy-2.1.3-pp310-pypy310_pp73-macosx_10_15_x86_64.whl", hash = "sha256:4f2015dfe437dfebbfce7c85c7b53d81ba49e71ba7eadbf1df40c915af75979f"},
    {file = "numpy-2.1.3-pp310-pypy310_pp73-macosx_14_0_x86_64.whl", hash = "sha256:3522b0dfe983a575e6a9ab3a4a4dfe156c3e428468ff08ce582b9bb6bd1d71d4"},
    {file = "numpy-2.1.3-pp310-pypy310_pp73-manylinux_2_17_x86_64.manylinux2014_x86_64.whl", hash = "sha256:c006b607a865b07cd981ccb218a04fc86b600411d83d6fc261357f1c0966755d"},
    {file = "numpy-2.1.3-pp310-pypy310_pp73-win_amd64.whl", hash = "sha256:e14e26956e6f1696070788252dcdff11b4aca4c3e8bd166e0df1bb8f315a67cb"},
    {file = "numpy-2.1.3.tar.gz", hash = "sha256:aa08e04e08aaf974d4458def539dece0d28146d866a39da5639596f4921fd761"},
]

[[package]]
name = "pillow"
version = "11.1.0"
description = "Python Imaging Library (Fork)"
optional = false
python-versions = ">=3.9"
files = [
    {file = "pillow-11.1.0-cp310-cp310-macosx_10_10_x86_64.whl", hash = "sha256:e1abe69aca89514737465752b4bcaf8016de61b3be1397a8fc260ba33321b3a8"},
    {file = "pillow-11.1.0-cp310-cp310-macosx_11_0_arm64.whl", hash = "sha256:c640e5a06869c75994624551f45e5506e4256562ead981cce820d5ab39ae2192"},
    {file = "pillow-11.1.0-cp310-cp310-manylinux_2_17_aarch64.manylinux2014_aarch64.whl", hash = "sha256:a07dba04c5e22824816b2615ad7a7484432d7f540e6fa86af60d2de57b0fcee2"},
    {file = "pillow-11.1.0-cp310-cp310-manylinux_2_17_x86_64.manylinux2014_x86_64.whl", hash = "sha256:e267b0ed063341f3e60acd25c05200df4193e15a4a5807075cd71225a2386e26"},
    {file = "pillow-11.1.0-cp310-cp310-manylinux_2_28_aarch64.whl", hash = "sha256:bd165131fd51697e22421d0e467997ad31621b74bfc0b75956608cb2906dda07"},
    {file = "pillow-11.1.0-cp310-cp310-manylinux_2_28_x86_64.whl", hash = "sha256:abc56501c3fd148d60659aae0af6ddc149660469082859fa7b066a298bde9482"},
    {file = "pillow-11.1.0-cp310-cp310-musllinux_1_2_aarch64.whl", hash = "sha256:54ce1c9a16a9561b6d6d8cb30089ab1e5eb66918cb47d457bd996ef34182922e"},
    {file = "pillow-11.1.0-cp310-cp310-musllinux_1_2_x86_64.whl", hash = "sha256:73ddde795ee9b06257dac5ad42fcb07f3b9b813f8c1f7f870f402f4dc54b5269"},
    {file = "pillow-11.1.0-cp310-cp310-win32.whl", hash = "sha256:3a5fe20a7b66e8135d7fd617b13272626a28278d0e578c98720d9ba4b2439d49"},
    {file = "pillow-11.1.0-cp310-cp310-win_amd64.whl", hash = "sha256:b6123aa4a59d75f06e9dd3dac5bf8bc9aa383121bb3dd9a7a612e05eabc9961a"},
    {file = "pillow-11.1.0-cp310-cp310-win_arm64.whl", hash = "sha256:a76da0a31da6fcae4210aa94fd779c65c75786bc9af06289cd1c184451ef7a65"},
    {file = "pillow-11.1.0-cp311-cp311-macosx_10_10_x86_64.whl", hash = "sha256:e06695e0326d05b06833b40b7ef477e475d0b1ba3a6d27da1bb48c23209bf457"},
    {file = "pillow-11.1.0-cp311-cp311-macosx_11_0_arm64.whl", hash = "sha256:96f82000e12f23e4f29346e42702b6ed9a2f2fea34a740dd5ffffcc8c539eb35"},
    {file = "pillow-11.1.0-cp311-cp311-manylinux_2_17_aarch64.manylinux2014_aarch64.whl", hash = "sha256:a3cd561ded2cf2bbae44d4605837221b987c216cff94f49dfeed63488bb228d2"},
    {file = "pillow-11.1.0-cp311-cp311-manylinux_2_17_x86_64.manylinux2014_x86_64.whl", hash = "sha256:f189805c8be5ca5add39e6f899e6ce2ed824e65fb45f3c28cb2841911da19070"},
    {file = "pillow-11.1.0-cp311-cp311-manylinux_2_28_aarch64.whl", hash = "sha256:dd0052e9db3474df30433f83a71b9b23bd9e4ef1de13d92df21a52c0303b8ab6"},
    {file = "pillow-11.1.0-cp311-cp311-manylinux_2_28_x86_64.whl", hash = "sha256:837060a8599b8f5d402e97197d4924f05a2e0d68756998345c829c33186217b1"},
    {file = "pillow-11.1.0-cp311-cp311-musllinux_1_2_aarch64.whl", hash = "sha256:aa8dd43daa836b9a8128dbe7d923423e5ad86f50a7a14dc688194b7be5c0dea2"},
    {file = "pillow-11.1.0-cp311-cp311-musllinux_1_2_x86_64.whl", hash = "sha256:0a2f91f8a8b367e7a57c6e91cd25af510168091fb89ec5146003e424e1558a96"},
    {file = "pillow-11.1.0-cp311-cp311-win32.whl", hash = "sha256:c12fc111ef090845de2bb15009372175d76ac99969bdf31e2ce9b42e4b8cd88f"},
    {file = "pillow-11.1.0-cp311-cp311-win_amd64.whl", hash = "sha256:fbd43429d0d7ed6533b25fc993861b8fd512c42d04514a0dd6337fb3ccf22761"},
    {file = "pillow-11.1.0-cp311-cp311-win_arm64.whl", hash = "sha256:f7955ecf5609dee9442cbface754f2c6e541d9e6eda87fad7f7a989b0bdb9d71"},
    {file = "pillow-11.1.0-cp312-cp312-macosx_10_13_x86_64.whl", hash = "sha256:2062ffb1d36544d42fcaa277b069c88b01bb7298f4efa06731a7fd6cc290b81a"},
    {file = "pillow-11.1.0-cp312-cp312-macosx_11_0_arm64.whl", hash = "sha256:a85b653980faad27e88b141348707ceeef8a1186f75ecc600c395dcac19f385b"},
    {file = "pillow-11.1.0-cp312-cp312-manylinux_2_17_aarch64.manylinux2014_aarch64.whl", hash = "sha256:9409c080586d1f683df3f184f20e36fb647f2e0bc3988094d4fd8c9f4eb1b3b3"},
    {file = "pillow-11.1.0-cp312-cp312-manylinux_2_17_x86_64.manylinux2014_x86_64.whl", hash = "sha256:7fdadc077553621911f27ce206ffcbec7d3f8d7b50e0da39f10997e8e2bb7f6a"},
    {file = "pillow-11.1.0-cp312-cp312-manylinux_2_28_aarch64.whl", hash = "sha256:93a18841d09bcdd774dcdc308e4537e1f867b3dec059c131fde0327899734aa1"},
    {file = "pillow-11.1.0-cp312-cp312-manylinux_2_28_x86_64.whl", hash = "sha256:9aa9aeddeed452b2f616ff5507459e7bab436916ccb10961c4a382cd3e03f47f"},
    {file = "pillow-11.1.0-cp312-cp312-musllinux_1_2_aarch64.whl", hash = "sha256:3cdcdb0b896e981678eee140d882b70092dac83ac1cdf6b3a60e2216a73f2b91"},
    {file = "pillow-11.1.0-cp312-cp312-musllinux_1_2_x86_64.whl", hash = "sha256:36ba10b9cb413e7c7dfa3e189aba252deee0602c86c309799da5a74009ac7a1c"},
    {file = "pillow-11.1.0-cp312-cp312-win32.whl", hash = "sha256:cfd5cd998c2e36a862d0e27b2df63237e67273f2fc78f47445b14e73a810e7e6"},
    {file = "pillow-11.1.0-cp312-cp312-win_amd64.whl", hash = "sha256:a697cd8ba0383bba3d2d3ada02b34ed268cb548b369943cd349007730c92bddf"},
    {file = "pillow-11.1.0-cp312-cp312-win_arm64.whl", hash = "sha256:4dd43a78897793f60766563969442020e90eb7847463eca901e41ba186a7d4a5"},
    {file = "pillow-11.1.0-cp313-cp313-macosx_10_13_x86_64.whl", hash = "sha256:ae98e14432d458fc3de11a77ccb3ae65ddce70f730e7c76140653048c71bfcbc"},
    {file = "pillow-11.1.0-cp313-cp313-macosx_11_0_arm64.whl", hash = "sha256:cc1331b6d5a6e144aeb5e626f4375f5b7ae9934ba620c0ac6b3e43d5e683a0f0"},
    {file = "pillow-11.1.0-cp313-cp313-manylinux_2_17_aarch64.manylinux2014_aarch64.whl", hash = "sha256:758e9d4ef15d3560214cddbc97b8ef3ef86ce04d62ddac17ad39ba87e89bd3b1"},
    {file = "pillow-11.1.0-cp313-cp313-manylinux_2_17_x86_64.manylinux2014_x86_64.whl", hash = "sha256:b523466b1a31d0dcef7c5be1f20b942919b62fd6e9a9be199d035509cbefc0ec"},
    {file = "pillow-11.1.0-cp313-cp313-manylinux_2_28_aarch64.whl", hash = "sha256:9044b5e4f7083f209c4e35aa5dd54b1dd5b112b108648f5c902ad586d4f945c5"},
    {file = "pillow-11.1.0-cp313-cp313-manylinux_2_28_x86_64.whl", hash = "sha256:3764d53e09cdedd91bee65c2527815d315c6b90d7b8b79759cc48d7bf5d4f114"},
    {file = "pillow-11.1.0-cp313-cp313-musllinux_1_2_aarch64.whl", hash = "sha256:31eba6bbdd27dde97b0174ddf0297d7a9c3a507a8a1480e1e60ef914fe23d352"},
    {file = "pillow-11.1.0-cp313-cp313-musllinux_1_2_x86_64.whl", hash = "sha256:b5d658fbd9f0d6eea113aea286b21d3cd4d3fd978157cbf2447a6035916506d3"},
    {file = "pillow-11.1.0-cp313-cp313-win32.whl", hash = "sha256:f86d3a7a9af5d826744fabf4afd15b9dfef44fe69a98541f666f66fbb8d3fef9"},
    {file = "pillow-11.1.0-cp313-cp313-win_amd64.whl", hash = "sha256:593c5fd6be85da83656b93ffcccc2312d2d149d251e98588b14fbc288fd8909c"},
    {file = "pillow-11.1.0-cp313-cp313-win_arm64.whl", hash = "sha256:11633d58b6ee5733bde153a8dafd25e505ea3d32e261accd388827ee987baf65"},
    {file = "pillow-11.1.0-cp313-cp313t-macosx_10_13_x86_64.whl", hash = "sha256:70ca5ef3b3b1c4a0812b5c63c57c23b63e53bc38e758b37a951e5bc466449861"},
    {file = "pillow-11.1.0-cp313-cp313t-macosx_11_0_arm64.whl", hash = "sha256:8000376f139d4d38d6851eb149b321a52bb8893a88dae8ee7d95840431977081"},
    {file = "pillow-11.1.0-cp313-cp313t-manylinux_2_17_x86_64.manylinux2014_x86_64.whl", hash = "sha256:9ee85f0696a17dd28fbcfceb59f9510aa71934b483d1f5601d1030c3c8304f3c"},
    {file = "pillow-11.1.0-cp313-cp313t-manylinux_2_28_x86_64.whl", hash = "sha256:dd0e081319328928531df7a0e63621caf67652c8464303fd102141b785ef9547"},
    {file = "pillow-11.1.0-cp313-cp313t-musllinux_1_2_x86_64.whl", hash = "sha256:e63e4e5081de46517099dc30abe418122f54531a6ae2ebc8680bcd7096860eab"},
    {file = "pillow-11.1.0-cp313-cp313t-win32.whl", hash = "sha256:dda60aa465b861324e65a78c9f5cf0f4bc713e4309f83bc387be158b077963d9"},
    {file = "pillow-11.1.0-cp313-cp313t-win_amd64.whl", hash = "sha256:ad5db5781c774ab9a9b2c4302bbf0c1014960a0a7be63278d13ae6fdf88126fe"},
    {file = "pillow-11.1.0-cp313-cp313t-win_arm64.whl", hash = "sha256:67cd427c68926108778a9005f2a04adbd5e67c442ed21d95389fe1d595458756"},
    {file = "pillow-11.1.0-cp39-cp39-macosx_10_10_x86_64.whl", hash = "sha256:bf902d7413c82a1bfa08b06a070876132a5ae6b2388e2712aab3a7cbc02205c6"},
    {file = "pillow-11.1.0-cp39-cp39-macosx_11_0_arm64.whl", hash = "sha256:c1eec9d950b6fe688edee07138993e54ee4ae634c51443cfb7c1e7613322718e"},
    {file = "pillow-11.1.0-cp39-cp39-manylinux_2_17_aarch64.manylinux2014_aarch64.whl", hash = "sha256:8e275ee4cb11c262bd108ab2081f750db2a1c0b8c12c1897f27b160c8bd57bbc"},
    {file = "pillow-11.1.0-cp39-cp39-manylinux_2_17_x86_64.manylinux2014_x86_64.whl", hash = "sha256:4db853948ce4e718f2fc775b75c37ba2efb6aaea41a1a5fc57f0af59eee774b2"},
    {file = "pillow-11.1.0-cp39-cp39-manylinux_2_28_aarch64.whl", hash = "sha256:ab8a209b8485d3db694fa97a896d96dd6533d63c22829043fd9de627060beade"},
    {file = "pillow-11.1.0-cp39-cp39-manylinux_2_28_x86_64.whl", hash = "sha256:54251ef02a2309b5eec99d151ebf5c9904b77976c8abdcbce7891ed22df53884"},
    {file = "pillow-11.1.0-cp39-cp39-musllinux_1_2_aarch64.whl", hash = "sha256:5bb94705aea800051a743aa4874bb1397d4695fb0583ba5e425ee0328757f196"},
    {file = "pillow-11.1.0-cp39-cp39-musllinux_1_2_x86_64.whl", hash = "sha256:89dbdb3e6e9594d512780a5a1c42801879628b38e3efc7038094430844e271d8"},
    {file = "pillow-11.1.0-cp39-cp39-win32.whl", hash = "sha256:e5449ca63da169a2e6068dd0e2fcc8d91f9558aba89ff6d02121ca8ab11e79e5"},
    {file = "pillow-11.1.0-cp39-cp39-win_amd64.whl", hash = "sha256:3362c6ca227e65c54bf71a5f88b3d4565ff1bcbc63ae72c34b07bbb1cc59a43f"},
    {file = "pillow-11.1.0-cp39-cp39-win_arm64.whl", hash = "sha256:b20be51b37a75cc54c2c55def3fa2c65bb94ba859dde241cd0a4fd302de5ae0a"},
    {file = "pillow-11.1.0-pp310-pypy310_pp73-macosx_10_15_x86_64.whl", hash = "sha256:8c730dc3a83e5ac137fbc92dfcfe1511ce3b2b5d7578315b63dbbb76f7f51d90"},
    {file = "pillow-11.1.0-pp310-pypy310_pp73-macosx_11_0_arm64.whl", hash = "sha256:7d33d2fae0e8b170b6a6c57400e077412240f6f5bb2a342cf1ee512a787942bb"},
    {file = "pillow-11.1.0-pp310-pypy310_pp73-manylinux_2_17_aarch64.manylinux2014_aarch64.whl", hash = "sha256:a8d65b38173085f24bc07f8b6c505cbb7418009fa1a1fcb111b1f4961814a442"},
    {file = "pillow-11.1.0-pp310-pypy310_pp73-manylinux_2_17_x86_64.manylinux2014_x86_64.whl", hash = "sha256:015c6e863faa4779251436db398ae75051469f7c903b043a48f078e437656f83"},
    {file = "pillow-11.1.0-pp310-pypy310_pp73-manylinux_2_28_aarch64.whl", hash = "sha256:d44ff19eea13ae4acdaaab0179fa68c0c6f2f45d66a4d8ec1eda7d6cecbcc15f"},
    {file = "pillow-11.1.0-pp310-pypy310_pp73-manylinux_2_28_x86_64.whl", hash = "sha256:d3d8da4a631471dfaf94c10c85f5277b1f8e42ac42bade1ac67da4b4a7359b73"},
    {file = "pillow-11.1.0-pp310-pypy310_pp73-win_amd64.whl", hash = "sha256:4637b88343166249fe8aa94e7c4a62a180c4b3898283bb5d3d2fd5fe10d8e4e0"},
    {file = "pillow-11.1.0.tar.gz", hash = "sha256:368da70808b36d73b4b390a8ffac11069f8a5c85f29eff1f1b01bcf3ef5b2a20"},
]

[package.extras]
docs = ["furo", "olefile", "sphinx (>=8.1)", "sphinx-copybutton", "sphinx-inline-tabs", "sphinxext-opengraph"]
fpx = ["olefile"]
mic = ["olefile"]
tests = ["check-manifest", "coverage (>=7.4.2)", "defusedxml", "markdown2", "olefile", "packaging", "pyroma", "pytest", "pytest-cov", "pytest-timeout", "trove-classifiers (>=2024.10.12)"]
typing = ["typing-extensions"]
xmp = ["defusedxml"]

[[package]]
name = "protobuf"
version = "5.29.2"
description = ""
optional = false
python-versions = ">=3.8"
files = [
    {file = "protobuf-5.29.2-cp310-abi3-win32.whl", hash = "sha256:c12ba8249f5624300cf51c3d0bfe5be71a60c63e4dcf51ffe9a68771d958c851"},
    {file = "protobuf-5.29.2-cp310-abi3-win_amd64.whl", hash = "sha256:842de6d9241134a973aab719ab42b008a18a90f9f07f06ba480df268f86432f9"},
    {file = "protobuf-5.29.2-cp38-abi3-macosx_10_9_universal2.whl", hash = "sha256:a0c53d78383c851bfa97eb42e3703aefdc96d2036a41482ffd55dc5f529466eb"},
    {file = "protobuf-5.29.2-cp38-abi3-manylinux2014_aarch64.whl", hash = "sha256:494229ecd8c9009dd71eda5fd57528395d1eacdf307dbece6c12ad0dd09e912e"},
    {file = "protobuf-5.29.2-cp38-abi3-manylinux2014_x86_64.whl", hash = "sha256:b6b0d416bbbb9d4fbf9d0561dbfc4e324fd522f61f7af0fe0f282ab67b22477e"},
    {file = "protobuf-5.29.2-cp38-cp38-win32.whl", hash = "sha256:e621a98c0201a7c8afe89d9646859859be97cb22b8bf1d8eacfd90d5bda2eb19"},
    {file = "protobuf-5.29.2-cp38-cp38-win_amd64.whl", hash = "sha256:13d6d617a2a9e0e82a88113d7191a1baa1e42c2cc6f5f1398d3b054c8e7e714a"},
    {file = "protobuf-5.29.2-cp39-cp39-win32.whl", hash = "sha256:36000f97ea1e76e8398a3f02936aac2a5d2b111aae9920ec1b769fc4a222c4d9"},
    {file = "protobuf-5.29.2-cp39-cp39-win_amd64.whl", hash = "sha256:2d2e674c58a06311c8e99e74be43e7f3a8d1e2b2fdf845eaa347fbd866f23355"},
    {file = "protobuf-5.29.2-py3-none-any.whl", hash = "sha256:fde4554c0e578a5a0bcc9a276339594848d1e89f9ea47b4427c80e5d72f90181"},
    {file = "protobuf-5.29.2.tar.gz", hash = "sha256:b2cc8e8bb7c9326996f0e160137b0861f1a82162502658df2951209d0cb0309e"},
]

[[package]]
name = "ruff"
version = "0.8.6"
description = "An extremely fast Python linter and code formatter, written in Rust."
optional = false
python-versions = ">=3.7"
files = [
    {file = "ruff-0.8.6-py3-none-linux_armv6l.whl", hash = "sha256:defed167955d42c68b407e8f2e6f56ba52520e790aba4ca707a9c88619e580e3"},
    {file = "ruff-0.8.6-py3-none-macosx_10_12_x86_64.whl", hash = "sha256:54799ca3d67ae5e0b7a7ac234baa657a9c1784b48ec954a094da7c206e0365b1"},
    {file = "ruff-0.8.6-py3-none-macosx_11_0_arm64.whl", hash = "sha256:e88b8f6d901477c41559ba540beeb5a671e14cd29ebd5683903572f4b40a9807"},
    {file = "ruff-0.8.6-py3-none-manylinux_2_17_aarch64.manylinux2014_aarch64.whl", hash = "sha256:0509e8da430228236a18a677fcdb0c1f102dd26d5520f71f79b094963322ed25"},
    {file = "ruff-0.8.6-py3-none-manylinux_2_17_armv7l.manylinux2014_armv7l.whl", hash = "sha256:91a7ddb221779871cf226100e677b5ea38c2d54e9e2c8ed847450ebbdf99b32d"},
    {file = "ruff-0.8.6-py3-none-manylinux_2_17_i686.manylinux2014_i686.whl", hash = "sha256:248b1fb3f739d01d528cc50b35ee9c4812aa58cc5935998e776bf8ed5b251e75"},
    {file = "ruff-0.8.6-py3-none-manylinux_2_17_ppc64.manylinux2014_ppc64.whl", hash = "sha256:bc3c083c50390cf69e7e1b5a5a7303898966be973664ec0c4a4acea82c1d4315"},
    {file = "ruff-0.8.6-py3-none-manylinux_2_17_ppc64le.manylinux2014_ppc64le.whl", hash = "sha256:52d587092ab8df308635762386f45f4638badb0866355b2b86760f6d3c076188"},
    {file = "ruff-0.8.6-py3-none-manylinux_2_17_s390x.manylinux2014_s390x.whl", hash = "sha256:61323159cf21bc3897674e5adb27cd9e7700bab6b84de40d7be28c3d46dc67cf"},
    {file = "ruff-0.8.6-py3-none-manylinux_2_17_x86_64.manylinux2014_x86_64.whl", hash = "sha256:7ae4478b1471fc0c44ed52a6fb787e641a2ac58b1c1f91763bafbc2faddc5117"},
    {file = "ruff-0.8.6-py3-none-musllinux_1_2_aarch64.whl", hash = "sha256:0c000a471d519b3e6cfc9c6680025d923b4ca140ce3e4612d1a2ef58e11f11fe"},
    {file = "ruff-0.8.6-py3-none-musllinux_1_2_armv7l.whl", hash = "sha256:9257aa841e9e8d9b727423086f0fa9a86b6b420fbf4bf9e1465d1250ce8e4d8d"},
    {file = "ruff-0.8.6-py3-none-musllinux_1_2_i686.whl", hash = "sha256:45a56f61b24682f6f6709636949ae8cc82ae229d8d773b4c76c09ec83964a95a"},
    {file = "ruff-0.8.6-py3-none-musllinux_1_2_x86_64.whl", hash = "sha256:496dd38a53aa173481a7d8866bcd6451bd934d06976a2505028a50583e001b76"},
    {file = "ruff-0.8.6-py3-none-win32.whl", hash = "sha256:e169ea1b9eae61c99b257dc83b9ee6c76f89042752cb2d83486a7d6e48e8f764"},
    {file = "ruff-0.8.6-py3-none-win_amd64.whl", hash = "sha256:f1d70bef3d16fdc897ee290d7d20da3cbe4e26349f62e8a0274e7a3f4ce7a905"},
    {file = "ruff-0.8.6-py3-none-win_arm64.whl", hash = "sha256:7d7fc2377a04b6e04ffe588caad613d0c460eb2ecba4c0ccbbfe2bc973cbc162"},
    {file = "ruff-0.8.6.tar.gz", hash = "sha256:dcad24b81b62650b0eb8814f576fc65cfee8674772a6e24c9b747911801eeaa5"},
]

[[package]]
name = "setuptools"
version = "75.7.0"
description = "Easily download, build, install, upgrade, and uninstall Python packages"
optional = false
python-versions = ">=3.9"
files = [
    {file = "setuptools-75.7.0-py3-none-any.whl", hash = "sha256:84fb203f278ebcf5cd08f97d3fb96d3fbed4b629d500b29ad60d11e00769b183"},
    {file = "setuptools-75.7.0.tar.gz", hash = "sha256:886ff7b16cd342f1d1defc16fc98c9ce3fde69e087a4e1983d7ab634e5f41f4f"},
]

[package.extras]
check = ["pytest-checkdocs (>=2.4)", "pytest-ruff (>=0.2.1)", "ruff (>=0.8.0)"]
core = ["importlib_metadata (>=6)", "jaraco.collections", "jaraco.functools (>=4)", "jaraco.text (>=3.7)", "more_itertools", "more_itertools (>=8.8)", "packaging", "packaging (>=24.2)", "platformdirs (>=4.2.2)", "tomli (>=2.0.1)", "wheel (>=0.43.0)"]
cover = ["pytest-cov"]
doc = ["furo", "jaraco.packaging (>=9.3)", "jaraco.tidelift (>=1.4)", "pygments-github-lexers (==0.0.5)", "pyproject-hooks (!=1.1)", "rst.linker (>=1.9)", "sphinx (>=3.5)", "sphinx-favicon", "sphinx-inline-tabs", "sphinx-lint", "sphinx-notfound-page (>=1,<2)", "sphinx-reredirects", "sphinxcontrib-towncrier", "towncrier (<24.7)"]
enabler = ["pytest-enabler (>=2.2)"]
test = ["build[virtualenv] (>=1.0.3)", "filelock (>=3.4.0)", "ini2toml[lite] (>=0.14)", "jaraco.develop (>=7.21)", "jaraco.envs (>=2.2)", "jaraco.path (>=3.7.2)", "jaraco.test (>=5.5)", "packaging (>=24.2)", "pip (>=19.1)", "pyproject-hooks (!=1.1)", "pytest (>=6,!=8.1.*)", "pytest-home (>=0.5)", "pytest-perf", "pytest-subprocess", "pytest-timeout", "pytest-xdist (>=3)", "tomli-w (>=1.0.0)", "virtualenv (>=13.0.0)", "wheel (>=0.44.0)"]
type = ["importlib_metadata (>=7.0.2)", "jaraco.develop (>=7.21)", "mypy (==1.14.*)", "pytest-mypy"]

[[package]]
name = "smbus2"
version = "0.5.0"
description = "smbus2 is a drop-in replacement for smbus-cffi/smbus-python in pure Python"
optional = false
python-versions = "*"
files = [
    {file = "smbus2-0.5.0-py2.py3-none-any.whl", hash = "sha256:1a15c3b9fa69357beb038cc0b5d37939702f8bfde1ddc89ca9f17d8461dbe949"},
    {file = "smbus2-0.5.0.tar.gz", hash = "sha256:4a5946fd82277870c2878befdb1a29bb28d15cda14ea4d8d2d54cf3d4bdcb035"},
]

[package.extras]
docs = ["sphinx (>=1.5.3)"]
qa = ["flake8"]

[[package]]
name = "spidev"
version = "3.6"
description = "Python bindings for Linux SPI access through spidev"
optional = false
python-versions = "*"
files = [
    {file = "spidev-3.6-cp39-cp39-linux_armv7l.whl", hash = "sha256:280abc00a1ef7780ef62c3f294f52a2527b6c47d8c269fea98664970bcaf6da5"},
    {file = "spidev-3.6.tar.gz", hash = "sha256:14dbc37594a4aaef85403ab617985d3c3ef464d62bc9b769ef552db53701115b"},
]

[[package]]
name = "st7735"
version = "1.0.0"
description = "Library to control an ST7735 168x80 TFT LCD display."
optional = false
python-versions = ">=3.7"
files = [
    {file = "st7735-1.0.0-py3-none-any.whl", hash = "sha256:20eb580e3d2462d8498ea5922cb5c1128abc46cbbc91998f07911054b3594f83"},
    {file = "st7735-1.0.0.tar.gz", hash = "sha256:401dee9c1e1bcdf18df9a205876788d726bb170491e6cd6f8bc8a6ab16801e18"},
]

[package.dependencies]
numpy = "*"
spidev = ">=3.4"

[metadata]
lock-version = "2.0"
python-versions = "^3.11"
content-hash = "783e500a503ae17044aa487a888c451a9b96063606b7209fee9603aafc4816d8"
