# This file is automatically @generated by Poetry 1.8.3 and should not be changed by hand.

[[package]]
name = "colorzero"
version = "2.0"
description = "Yet another Python color library"
optional = false
python-versions = "*"
files = [
    {file = "colorzero-2.0-py2.py3-none-any.whl", hash = "sha256:0e60d743a6b8071498a56465f7719c96a5e92928f858bab1be2a0d606c9aa0f8"},
    {file = "colorzero-2.0.tar.gz", hash = "sha256:e7d5a5c26cd0dc37b164ebefc609f388de24f8593b659191e12d85f8f9d5eb58"},
]

[package.dependencies]
setuptools = "*"

[package.extras]
doc = ["pkginfo", "sphinx", "sphinx-rtd-theme"]
test = ["pytest", "pytest-cov"]

[[package]]
name = "gpiozero"
version = "2.0.1"
description = "A simple interface to GPIO devices with Raspberry Pi"
optional = false
python-versions = ">=3.9"
files = [
    {file = "gpiozero-2.0.1-py3-none-any.whl", hash = "sha256:8f621de357171d574c0b7ea0e358cb66e560818a47b0eeedf41ce1cdbd20c70b"},
    {file = "gpiozero-2.0.1.tar.gz", hash = "sha256:d4ea1952689ec7e331f9d4ebc9adb15f1d01c2c9dcfabb72e752c9869ab7e97e"},
]

[package.dependencies]
colorzero = "*"

[package.extras]
doc = ["sphinx (>=4.0)", "sphinx-rtd-theme (>=1.0)"]
test = ["pytest", "pytest-cov"]

[[package]]
name = "grpcio"
version = "1.66.0"
description = "HTTP/2-based RPC framework"
optional = false
python-versions = ">=3.8"
files = [
    {file = "grpcio-1.66.0-cp310-cp310-linux_armv7l.whl", hash = "sha256:ad7256f224437b2c29c2bef98ddd3130454c5b1ab1f0471fc11794cefd4dbd3d"},
    {file = "grpcio-1.66.0-cp310-cp310-macosx_12_0_universal2.whl", hash = "sha256:5f4b3357e59dfba9140a51597287297bc638710d6a163f99ee14efc19967a821"},
    {file = "grpcio-1.66.0-cp310-cp310-manylinux_2_17_aarch64.whl", hash = "sha256:e8d20308eeae15b3e182f47876f05acbdec1eebd9473a9814a44e46ec4a84c04"},
    {file = "grpcio-1.66.0-cp310-cp310-manylinux_2_17_i686.manylinux2014_i686.whl", hash = "sha256:1eb03524d0f55b965d6c86aa44e5db9e5eaa15f9ed3b164621e652e5b927f4b8"},
    {file = "grpcio-1.66.0-cp310-cp310-manylinux_2_17_x86_64.manylinux2014_x86_64.whl", hash = "sha256:37514b68a42e9cf24536345d3cf9e580ffd29117c158b4eeea34625200256067"},
    {file = "grpcio-1.66.0-cp310-cp310-musllinux_1_1_i686.whl", hash = "sha256:516fdbc8e156db71a004bc431a6303bca24cfde186babe96dde7bd01e8f0cc70"},
    {file = "grpcio-1.66.0-cp310-cp310-musllinux_1_1_x86_64.whl", hash = "sha256:d0439a970d65327de21c299ea0e0c2ad0987cdaf18ba5066621dea5f427f922b"},
    {file = "grpcio-1.66.0-cp310-cp310-win32.whl", hash = "sha256:5f93fc84b72bbc7b84a42f3ca9dc055fa00d2303d9803be011ebf7a10a4eb833"},
    {file = "grpcio-1.66.0-cp310-cp310-win_amd64.whl", hash = "sha256:8fc5c710ddd51b5a0dc36ef1b6663430aa620e0ce029b87b150dafd313b978c3"},
    {file = "grpcio-1.66.0-cp311-cp311-linux_armv7l.whl", hash = "sha256:dd614370e939f9fceeeb2915111a0795271b4c11dfb5fc0f58449bee40c726a5"},
    {file = "grpcio-1.66.0-cp311-cp311-macosx_10_9_universal2.whl", hash = "sha256:245b08f9b3c645a6a623f3ed4fa43dcfcd6ad701eb9c32511c1bb7380e8c3d23"},
    {file = "grpcio-1.66.0-cp311-cp311-manylinux_2_17_aarch64.whl", hash = "sha256:aaf30c75cbaf30e561ca45f21eb1f729f0fab3f15c592c1074795ed43e3ff96f"},
    {file = "grpcio-1.66.0-cp311-cp311-manylinux_2_17_i686.manylinux2014_i686.whl", hash = "sha256:49234580a073ce7ac490112f6c67c874cbcb27804c4525978cdb21ba7f3f193c"},
    {file = "grpcio-1.66.0-cp311-cp311-manylinux_2_17_x86_64.manylinux2014_x86_64.whl", hash = "sha256:de9e20a0acb709dcfa15a622c91f584f12c9739a79c47999f73435d2b3cc8a3b"},
    {file = "grpcio-1.66.0-cp311-cp311-musllinux_1_1_i686.whl", hash = "sha256:bc008c6afa1e7c8df99bd9154abc4f0470d26b7730ca2521122e99e771baa8c7"},
    {file = "grpcio-1.66.0-cp311-cp311-musllinux_1_1_x86_64.whl", hash = "sha256:50cea8ce2552865b87e3dffbb85eb21e6b98d928621600c0feda2f02449cd837"},
    {file = "grpcio-1.66.0-cp311-cp311-win32.whl", hash = "sha256:508411df1f2b7cfa05d4d7dbf3d576fe4f949cd61c03f3a6f0378c84e3d7b963"},
    {file = "grpcio-1.66.0-cp311-cp311-win_amd64.whl", hash = "sha256:6d586a95c05c82a5354be48bb4537e1accaf2472d8eb7e9086d844cbff934482"},
    {file = "grpcio-1.66.0-cp312-cp312-linux_armv7l.whl", hash = "sha256:5ea27f4ce8c0daccfdd2c7961e6ba404b6599f47c948415c4cca5728739107a3"},
    {file = "grpcio-1.66.0-cp312-cp312-macosx_10_9_universal2.whl", hash = "sha256:296a45ea835e12a1cc35ab0c57e455346c272af7b0d178e29c67742167262b4c"},
    {file = "grpcio-1.66.0-cp312-cp312-manylinux_2_17_aarch64.whl", hash = "sha256:e36fa838ac1d6c87198ca149cbfcc92e1af06bb8c8cd852622f8e58f33ea3324"},
    {file = "grpcio-1.66.0-cp312-cp312-manylinux_2_17_i686.manylinux2014_i686.whl", hash = "sha256:684a4c07883cbd4ac864f0d08d927267404f5f0c76f31c85f9bbe05f2daae2f2"},
    {file = "grpcio-1.66.0-cp312-cp312-manylinux_2_17_x86_64.manylinux2014_x86_64.whl", hash = "sha256:c3084e590e857ba7585ae91078e4c9b6ef55aaf1dc343ce26400ba59a146eada"},
    {file = "grpcio-1.66.0-cp312-cp312-musllinux_1_1_i686.whl", hash = "sha256:526d4f6ca19f31b25606d5c470ecba55c0b22707b524e4de8987919e8920437d"},
    {file = "grpcio-1.66.0-cp312-cp312-musllinux_1_1_x86_64.whl", hash = "sha256:423ae18637cd99ddcf2e5a6851c61828c49e9b9d022d0442d979b4f230109787"},
    {file = "grpcio-1.66.0-cp312-cp312-win32.whl", hash = "sha256:7bc9d823e05d63a87511fb456dcc48dc0fced86c282bf60229675e7ee7aac1a1"},
    {file = "grpcio-1.66.0-cp312-cp312-win_amd64.whl", hash = "sha256:230cdd696751e7eb1395718cd308234749daa217bb8d128f00357dc4df102558"},
    {file = "grpcio-1.66.0-cp38-cp38-linux_armv7l.whl", hash = "sha256:0f3010bf46b2a01c9e40644cb9ed91b4b8435e5c500a275da5f9f62580e31e80"},
    {file = "grpcio-1.66.0-cp38-cp38-macosx_10_9_universal2.whl", hash = "sha256:ba18cfdc09312eb2eea6fa0ce5d2eec3cf345ea78f6528b2eaed6432105e0bd0"},
    {file = "grpcio-1.66.0-cp38-cp38-manylinux_2_17_aarch64.whl", hash = "sha256:53d4c6706b49e358a2a33345dbe9b6b3bb047cecd7e8c07ba383bd09349bfef8"},
    {file = "grpcio-1.66.0-cp38-cp38-manylinux_2_17_i686.manylinux2014_i686.whl", hash = "sha256:643d8d9632a688ae69661e924b862e23c83a3575b24e52917ec5bcc59543d212"},
    {file = "grpcio-1.66.0-cp38-cp38-manylinux_2_17_x86_64.manylinux2014_x86_64.whl", hash = "sha256:ba60ae3b465b3e85080ae3bfbc36fd0305ae495ab16fcf8022fc7d7a23aac846"},
    {file = "grpcio-1.66.0-cp38-cp38-musllinux_1_1_i686.whl", hash = "sha256:9d5251578767fe44602688c851c2373b5513048ac84c21a0fe946590a8e7933d"},
    {file = "grpcio-1.66.0-cp38-cp38-musllinux_1_1_x86_64.whl", hash = "sha256:5e8140b39f10d7be2263afa2838112de29374c5c740eb0afd99146cb5bdbd990"},
    {file = "grpcio-1.66.0-cp38-cp38-win32.whl", hash = "sha256:5b15ef1b296c4e78f15f64fc65bf8081f8774480ffcac45642f69d9d753d9c6b"},
    {file = "grpcio-1.66.0-cp38-cp38-win_amd64.whl", hash = "sha256:c072f90a1f0409f827ae86266984cba65e89c5831a0726b9fc7f4b5fb940b853"},
    {file = "grpcio-1.66.0-cp39-cp39-linux_armv7l.whl", hash = "sha256:a639d3866bfb5a678b5c0b92cd7ab543033ed8988854290fd86145e71731fd4c"},
    {file = "grpcio-1.66.0-cp39-cp39-macosx_10_9_universal2.whl", hash = "sha256:6ed35bf7da3fb3b1949e32bdf47a8b5ffe0aed11722d948933bd068531cd4682"},
    {file = "grpcio-1.66.0-cp39-cp39-manylinux_2_17_aarch64.whl", hash = "sha256:1c5466222470cb7fbc9cc898af1d48eefd297cb2e2f59af6d4a851c862fa90ac"},
    {file = "grpcio-1.66.0-cp39-cp39-manylinux_2_17_i686.manylinux2014_i686.whl", hash = "sha256:921b8f7f25d5300d7c6837a1e0639ef145fbdbfb728e0a5db2dbccc9fc0fd891"},
    {file = "grpcio-1.66.0-cp39-cp39-manylinux_2_17_x86_64.manylinux2014_x86_64.whl", hash = "sha256:c3f6feb0dc8456d025e566709f7dd02885add99bedaac50229013069242a1bfd"},
    {file = "grpcio-1.66.0-cp39-cp39-musllinux_1_1_i686.whl", hash = "sha256:748452dbd5a047475d5413bdef08b0b9ceb2c0c0e249d4ee905a5fb82c6328dc"},
    {file = "grpcio-1.66.0-cp39-cp39-musllinux_1_1_x86_64.whl", hash = "sha256:832945e64176520520317b50d64ec7d79924429528d5747669b52d0bf2c7bd78"},
    {file = "grpcio-1.66.0-cp39-cp39-win32.whl", hash = "sha256:8096a922eb91bc97c839f675c3efa1257c6ef181ae1b25d3fb97f2cae4c57c01"},
    {file = "grpcio-1.66.0-cp39-cp39-win_amd64.whl", hash = "sha256:375b58892301a5fc6ca7d7ff689c9dc9d00895f5d560604ace9f4f0573013c63"},
    {file = "grpcio-1.66.0.tar.gz", hash = "sha256:c1ea4c528e7db6660718e4165fd1b5ac24b79a70c870a7bc0b7bdb9babab7c1e"},
]

[package.extras]
protobuf = ["grpcio-tools (>=1.66.0)"]

[[package]]
name = "lgpio"
version = "0.2.2.0"
description = "Linux SBC GPIO module"
optional = false
python-versions = "*"
files = [
    {file = "lgpio-0.2.2.0-cp310-cp310-linux_armv7l.whl", hash = "sha256:97fe5fb0e888c96031e8899e8c0eca64c63076a6d1f1e774acad8696430b2ff6"},
    {file = "lgpio-0.2.2.0-cp310-cp310-manylinux_2_34_aarch64.whl", hash = "sha256:f8f1a2818ed4293182999679ac8559aea70d45743f5a3ae8025837e529d9e0d4"},
    {file = "lgpio-0.2.2.0-cp310-cp310-manylinux_2_34_x86_64.whl", hash = "sha256:d245f315e4bc5ba1b72df9fd935a16c99e56ccf6b41d9f66a87804c1dfd91c86"},
    {file = "lgpio-0.2.2.0-cp311-cp311-linux_armv7l.whl", hash = "sha256:5b3c403e1fba9c17d178f1bde102726c548fc5c4fc1ccf5ec3e18f3c08e07e04"},
    {file = "lgpio-0.2.2.0-cp311-cp311-manylinux_2_34_aarch64.whl", hash = "sha256:a2f71fb95b149d8ac82c7c6bae70f054f6dc42a006ad35c90c7d8e54921fbcf4"},
    {file = "lgpio-0.2.2.0-cp311-cp311-manylinux_2_34_x86_64.whl", hash = "sha256:e9f4f3915abe5ae0ffdb4b96f485076d80a663876d839e2d3fd9218a71b9873e"},
    {file = "lgpio-0.2.2.0-cp312-cp312-linux_armv7l.whl", hash = "sha256:6c65ac42e878764d04a71ed12fe6d46089b36e9e8127722bf29bb2e4bc91de22"},
    {file = "lgpio-0.2.2.0-cp312-cp312-manylinux_2_34_aarch64.whl", hash = "sha256:d907db79292c721c605af08187385ddb3b7af09907e1ffca56cf0cd6558ace0a"},
    {file = "lgpio-0.2.2.0-cp312-cp312-manylinux_2_34_x86_64.whl", hash = "sha256:2aadff092f642fcdada8457c158f87259dfda3a89ec19bae0b99ff22b34aac4b"},
    {file = "lgpio-0.2.2.0-cp39-cp39-linux_armv7l.whl", hash = "sha256:1594dd4fdf054ff396bf0730802732c26aa2040d6c70250d0d34f703baafd121"},
    {file = "lgpio-0.2.2.0-cp39-cp39-manylinux_2_34_aarch64.whl", hash = "sha256:9ed135824c717901457dcf2462bb1af9f5445aa6e56bb7a9263fc064620ef586"},
    {file = "lgpio-0.2.2.0-cp39-cp39-manylinux_2_34_x86_64.whl", hash = "sha256:f95d6a6db23f99e745e0aee36cd49a515dd6846a5ddb49474c73a390bb2048e2"},
    {file = "lgpio-0.2.2.0.tar.gz", hash = "sha256:11372e653b200f76a0b3ef8a23a0735c85ec678a9f8550b9893151ed0f863fff"},
]

[[package]]
name = "p2pindustries"
version = "0.1.0"
description = ""
optional = false
python-versions = "^3.10"
files = []
develop = false

[package.dependencies]
grpcio = "^1.66.0"

[package.source]
type = "directory"
url = "../../../sdks/python"

[[package]]
name = "protobuf"
version = "5.27.3"
description = ""
optional = false
python-versions = ">=3.8"
files = [
    {file = "protobuf-5.27.3-cp310-abi3-win32.whl", hash = "sha256:dcb307cd4ef8fec0cf52cb9105a03d06fbb5275ce6d84a6ae33bc6cf84e0a07b"},
    {file = "protobuf-5.27.3-cp310-abi3-win_amd64.whl", hash = "sha256:16ddf3f8c6c41e1e803da7abea17b1793a97ef079a912e42351eabb19b2cffe7"},
    {file = "protobuf-5.27.3-cp38-abi3-macosx_10_9_universal2.whl", hash = "sha256:68248c60d53f6168f565a8c76dc58ba4fa2ade31c2d1ebdae6d80f969cdc2d4f"},
    {file = "protobuf-5.27.3-cp38-abi3-manylinux2014_aarch64.whl", hash = "sha256:b8a994fb3d1c11156e7d1e427186662b64694a62b55936b2b9348f0a7c6625ce"},
    {file = "protobuf-5.27.3-cp38-abi3-manylinux2014_x86_64.whl", hash = "sha256:a55c48f2a2092d8e213bd143474df33a6ae751b781dd1d1f4d953c128a415b25"},
    {file = "protobuf-5.27.3-cp38-cp38-win32.whl", hash = "sha256:043853dcb55cc262bf2e116215ad43fa0859caab79bb0b2d31b708f128ece035"},
    {file = "protobuf-5.27.3-cp38-cp38-win_amd64.whl", hash = "sha256:c2a105c24f08b1e53d6c7ffe69cb09d0031512f0b72f812dd4005b8112dbe91e"},
    {file = "protobuf-5.27.3-cp39-cp39-win32.whl", hash = "sha256:c84eee2c71ed83704f1afbf1a85c3171eab0fd1ade3b399b3fad0884cbcca8bf"},
    {file = "protobuf-5.27.3-cp39-cp39-win_amd64.whl", hash = "sha256:af7c0b7cfbbb649ad26132e53faa348580f844d9ca46fd3ec7ca48a1ea5db8a1"},
    {file = "protobuf-5.27.3-py3-none-any.whl", hash = "sha256:8572c6533e544ebf6899c360e91d6bcbbee2549251643d32c52cf8a5de295ba5"},
    {file = "protobuf-5.27.3.tar.gz", hash = "sha256:82460903e640f2b7e34ee81a947fdaad89de796d324bcbc38ff5430bcdead82c"},
]

[[package]]
name = "setuptools"
version = "73.0.1"
description = "Easily download, build, install, upgrade, and uninstall Python packages"
optional = false
python-versions = ">=3.8"
files = [
    {file = "setuptools-73.0.1-py3-none-any.whl", hash = "sha256:b208925fcb9f7af924ed2dc04708ea89791e24bde0d3020b27df0e116088b34e"},
    {file = "setuptools-73.0.1.tar.gz", hash = "sha256:d59a3e788ab7e012ab2c4baed1b376da6366883ee20d7a5fc426816e3d7b1193"},
]

[package.extras]
core = ["importlib-metadata (>=6)", "importlib-resources (>=5.10.2)", "jaraco.text (>=3.7)", "more-itertools (>=8.8)", "packaging (>=24)", "platformdirs (>=2.6.2)", "tomli (>=2.0.1)", "wheel (>=0.43.0)"]
doc = ["furo", "jaraco.packaging (>=9.3)", "jaraco.tidelift (>=1.4)", "pygments-github-lexers (==0.0.5)", "pyproject-hooks (!=1.1)", "rst.linker (>=1.9)", "sphinx (>=3.5)", "sphinx-favicon", "sphinx-inline-tabs", "sphinx-lint", "sphinx-notfound-page (>=1,<2)", "sphinx-reredirects", "sphinxcontrib-towncrier", "towncrier (<24.7)"]
test = ["build[virtualenv] (>=1.0.3)", "filelock (>=3.4.0)", "importlib-metadata", "ini2toml[lite] (>=0.14)", "jaraco.develop (>=7.21)", "jaraco.envs (>=2.2)", "jaraco.path (>=3.2.0)", "jaraco.test", "mypy (==1.11.*)", "packaging (>=23.2)", "pip (>=19.1)", "pyproject-hooks (!=1.1)", "pytest (>=6,!=8.1.*)", "pytest-checkdocs (>=2.4)", "pytest-cov", "pytest-enabler (>=2.2)", "pytest-home (>=0.5)", "pytest-mypy", "pytest-perf", "pytest-ruff (<0.4)", "pytest-ruff (>=0.2.1)", "pytest-ruff (>=0.3.2)", "pytest-subprocess", "pytest-timeout", "pytest-xdist (>=3)", "tomli", "tomli-w (>=1.0.0)", "virtualenv (>=13.0.0)", "wheel (>=0.44.0)"]

[metadata]
lock-version = "2.0"
python-versions = "^3.11"
content-hash = "38e9f6280542254c72061dd8eb1aaf043260c4da20b01da151fe036eb487b117"
